// !$*UTF8*$!
{
	archiveVersion = 1;
	classes = {
	};
	objectVersion = 55;
	objects = {

/* Begin PBXBuildFile section */
		3C018C9727EB4CBE000784CE /* Typealias.swift in Sources */ = {isa = PBXBuildFile; fileRef = 3C018C9627EB4CBE000784CE /* Typealias.swift */; };
		3C018C9927EB4D36000784CE /* NetworkReachability.swift in Sources */ = {isa = PBXBuildFile; fileRef = 3C018C9827EB4D36000784CE /* NetworkReachability.swift */; };
		3C039E8C2823FAFF004AD6B1 /* Binder.swift in Sources */ = {isa = PBXBuildFile; fileRef = 3C039E8B2823FAFF004AD6B1 /* Binder.swift */; };
		3C039E8E2823FC23004AD6B1 /* BinderExtensions.swift in Sources */ = {isa = PBXBuildFile; fileRef = 3C039E8D2823FC22004AD6B1 /* BinderExtensions.swift */; };
		3C0A53FE27E1C17B00B105C0 /* LoadTestData.swift in Sources */ = {isa = PBXBuildFile; fileRef = 3C0A53FD27E1C17B00B105C0 /* LoadTestData.swift */; };
		3C0A540027E1C1AD00B105C0 /* ProductsViewModelTest.swift in Sources */ = {isa = PBXBuildFile; fileRef = 3C0A53FF27E1C1AD00B105C0 /* ProductsViewModelTest.swift */; };
		3C10463127DF4CD200214901 /* ProductEntity+CoreDataClass.swift in Sources */ = {isa = PBXBuildFile; fileRef = 3C10462D27DF4CD200214901 /* ProductEntity+CoreDataClass.swift */; };
		3C10463227DF4CD200214901 /* ProductEntity+CoreDataProperties.swift in Sources */ = {isa = PBXBuildFile; fileRef = 3C10462E27DF4CD200214901 /* ProductEntity+CoreDataProperties.swift */; };
		3C10463327DF4CD200214901 /* ProductDetailEntity+CoreDataClass.swift in Sources */ = {isa = PBXBuildFile; fileRef = 3C10462F27DF4CD200214901 /* ProductDetailEntity+CoreDataClass.swift */; };
		3C10463427DF4CD200214901 /* ProductDetailEntity+CoreDataProperties.swift in Sources */ = {isa = PBXBuildFile; fileRef = 3C10463027DF4CD200214901 /* ProductDetailEntity+CoreDataProperties.swift */; };
		3C10463F27DF548800214901 /* DataController.swift in Sources */ = {isa = PBXBuildFile; fileRef = 3C10463E27DF548800214901 /* DataController.swift */; };
		3C10464227DF859300214901 /* ManagedObjectConvertible.swift in Sources */ = {isa = PBXBuildFile; fileRef = 3C10464127DF859300214901 /* ManagedObjectConvertible.swift */; };
		3C10464427DF85A800214901 /* ModelConvertible.swift in Sources */ = {isa = PBXBuildFile; fileRef = 3C10464327DF85A800214901 /* ModelConvertible.swift */; };
		3C10464827DFB86C00214901 /* DataFetcherDelegate.swift in Sources */ = {isa = PBXBuildFile; fileRef = 3C10464727DFB86C00214901 /* DataFetcherDelegate.swift */; };
		3C10464A27DFB8E500214901 /* CoreDataWrapper.swift in Sources */ = {isa = PBXBuildFile; fileRef = 3C10464927DFB8E500214901 /* CoreDataWrapper.swift */; };
		3C10464C27DFB99900214901 /* ProductDAO.swift in Sources */ = {isa = PBXBuildFile; fileRef = 3C10464B27DFB99900214901 /* ProductDAO.swift */; };
		3C10464E27DFBB0000214901 /* ProtocolDAO.swift in Sources */ = {isa = PBXBuildFile; fileRef = 3C10464D27DFBB0000214901 /* ProtocolDAO.swift */; };
		3C10465327E0DE0E00214901 /* ProductDetailCoordinator.swift in Sources */ = {isa = PBXBuildFile; fileRef = 3C10465227E0DE0E00214901 /* ProductDetailCoordinator.swift */; };
		3C10C75B27E0DF47000DFC4A /* ProductDetailViewController.swift in Sources */ = {isa = PBXBuildFile; fileRef = 3C10C75A27E0DF47000DFC4A /* ProductDetailViewController.swift */; };
		3C10C75D27E0DF55000DFC4A /* ProductDetailViewModel.swift in Sources */ = {isa = PBXBuildFile; fileRef = 3C10C75C27E0DF55000DFC4A /* ProductDetailViewModel.swift */; };
		3C10C75F27E0DFA8000DFC4A /* ProductDetail+Input&Output.swift in Sources */ = {isa = PBXBuildFile; fileRef = 3C10C75E27E0DFA8000DFC4A /* ProductDetail+Input&Output.swift */; };
		3C10C76527E0FED0000DFC4A /* TextTheme.swift in Sources */ = {isa = PBXBuildFile; fileRef = 3C10C76427E0FED0000DFC4A /* TextTheme.swift */; };
		3C10C76727E0FEDC000DFC4A /* LabelTheme.swift in Sources */ = {isa = PBXBuildFile; fileRef = 3C10C76627E0FEDC000DFC4A /* LabelTheme.swift */; };
		3C10C76A27E0FF3A000DFC4A /* Label.swift in Sources */ = {isa = PBXBuildFile; fileRef = 3C10C76927E0FF3A000DFC4A /* Label.swift */; };
		3C10C76C27E0FFE3000DFC4A /* H1HeaderLabel.swift in Sources */ = {isa = PBXBuildFile; fileRef = 3C10C76B27E0FFE3000DFC4A /* H1HeaderLabel.swift */; };
		3C10C76E27E10070000DFC4A /* P1TextLabel.swift in Sources */ = {isa = PBXBuildFile; fileRef = 3C10C76D27E10070000DFC4A /* P1TextLabel.swift */; };
		3C10C77027E10CA7000DFC4A /* DynamicLabel.swift in Sources */ = {isa = PBXBuildFile; fileRef = 3C10C76F27E10CA7000DFC4A /* DynamicLabel.swift */; };
		3C10C77427E10EEB000DFC4A /* ImageView.swift in Sources */ = {isa = PBXBuildFile; fileRef = 3C10C77327E10EEB000DFC4A /* ImageView.swift */; };
		3C10C77827E12507000DFC4A /* AppColors.swift in Sources */ = {isa = PBXBuildFile; fileRef = 3C10C77727E12507000DFC4A /* AppColors.swift */; };
		3C10C77A27E12646000DFC4A /* H2HeaderLabel.swift in Sources */ = {isa = PBXBuildFile; fileRef = 3C10C77927E12646000DFC4A /* H2HeaderLabel.swift */; };
		3C10C77E27E1305A000DFC4A /* DownloadableImageView.swift in Sources */ = {isa = PBXBuildFile; fileRef = 3C10C77D27E1305A000DFC4A /* DownloadableImageView.swift */; };
		3C10C78327E1375E000DFC4A /* BaseViewController.swift in Sources */ = {isa = PBXBuildFile; fileRef = 3C10C78227E1375E000DFC4A /* BaseViewController.swift */; };
		3C10C78527E1377F000DFC4A /* BaseViewModel.swift in Sources */ = {isa = PBXBuildFile; fileRef = 3C10C78427E1377F000DFC4A /* BaseViewModel.swift */; };
		3C10C78727E137B3000DFC4A /* Base+Input&Output.swift in Sources */ = {isa = PBXBuildFile; fileRef = 3C10C78627E137B3000DFC4A /* Base+Input&Output.swift */; };
		3C10C78A27E140BB000DFC4A /* UIViewController+Loading.swift in Sources */ = {isa = PBXBuildFile; fileRef = 3C10C78927E140BB000DFC4A /* UIViewController+Loading.swift */; };
		3C112B6327E218130045F6C4 /* TestProductDetailData.json in Resources */ = {isa = PBXBuildFile; fileRef = 3C0A540227E1F4DB00B105C0 /* TestProductDetailData.json */; };
		3C112B6427E218130045F6C4 /* TestProductsData.json in Resources */ = {isa = PBXBuildFile; fileRef = 3C0A540127E1F4BF00B105C0 /* TestProductsData.json */; };
		3C112B6C27E22E300045F6C4 /* ProductDetailViewModelTest.swift in Sources */ = {isa = PBXBuildFile; fileRef = 3C112B6B27E22E300045F6C4 /* ProductDetailViewModelTest.swift */; };
		3C112B7127E2746D0045F6C4 /* ProductDetailDAO.swift in Sources */ = {isa = PBXBuildFile; fileRef = 3C112B7027E2746D0045F6C4 /* ProductDetailDAO.swift */; };
		3C20563E27DB7CF30000C751 /* Dimensions.swift in Sources */ = {isa = PBXBuildFile; fileRef = 3C20563D27DB7CF30000C751 /* Dimensions.swift */; };
		3C20564027DB7D3B0000C751 /* UCollectionViewCell.swift in Sources */ = {isa = PBXBuildFile; fileRef = 3C20563F27DB7D3B0000C751 /* UCollectionViewCell.swift */; };
		3C20564227DB7D8A0000C751 /* ProductCell.swift in Sources */ = {isa = PBXBuildFile; fileRef = 3C20564127DB7D8A0000C751 /* ProductCell.swift */; };
		3C946E6E27D9D4260063FB42 /* SampleServiceRouter.swift in Sources */ = {isa = PBXBuildFile; fileRef = 3C946E6D27D9D4260063FB42 /* SampleServiceRouter.swift */; };
		3C946E7227D9D43E0063FB42 /* APIClient.swift in Sources */ = {isa = PBXBuildFile; fileRef = 3C946E7127D9D43E0063FB42 /* APIClient.swift */; };
		3C946E7427D9DC2D0063FB42 /* HTTPMethod.swift in Sources */ = {isa = PBXBuildFile; fileRef = 3C946E7327D9DC2D0063FB42 /* HTTPMethod.swift */; };
		3C946E7627D9DC6C0063FB42 /* Router.swift in Sources */ = {isa = PBXBuildFile; fileRef = 3C946E7527D9DC6C0063FB42 /* Router.swift */; };
		3C946E7827D9DFC90063FB42 /* HTTPHeaderField.swift in Sources */ = {isa = PBXBuildFile; fileRef = 3C946E7727D9DFC90063FB42 /* HTTPHeaderField.swift */; };
		3C946E7A27D9DFD40063FB42 /* ContentType.swift in Sources */ = {isa = PBXBuildFile; fileRef = 3C946E7927D9DFD40063FB42 /* ContentType.swift */; };
		3C946E7D27D9E3460063FB42 /* ProductModel.swift in Sources */ = {isa = PBXBuildFile; fileRef = 3C946E7C27D9E3460063FB42 /* ProductModel.swift */; };
		3C946E7F27D9E4A90063FB42 /* DetailModel.swift in Sources */ = {isa = PBXBuildFile; fileRef = 3C946E7E27D9E4A90063FB42 /* DetailModel.swift */; };
		3C946E8127D9E4E70063FB42 /* SampleService.swift in Sources */ = {isa = PBXBuildFile; fileRef = 3C946E8027D9E4E70063FB42 /* SampleService.swift */; };
		3C946E8327D9F39C0063FB42 /* ApiError.swift in Sources */ = {isa = PBXBuildFile; fileRef = 3C946E8227D9F39C0063FB42 /* ApiError.swift */; };
		3C946E8527D9F3AF0063FB42 /* ErrorModel.swift in Sources */ = {isa = PBXBuildFile; fileRef = 3C946E8427D9F3AF0063FB42 /* ErrorModel.swift */; };
		3C946E8727D9F3BD0063FB42 /* ApiResult.swift in Sources */ = {isa = PBXBuildFile; fileRef = 3C946E8627D9F3BD0063FB42 /* ApiResult.swift */; };
		3C946E8927D9F4350063FB42 /* ProductsResponseModel.swift in Sources */ = {isa = PBXBuildFile; fileRef = 3C946E8827D9F4350063FB42 /* ProductsResponseModel.swift */; };
		3C946E8E27D9F5A10063FB42 /* ProductsCoordinator.swift in Sources */ = {isa = PBXBuildFile; fileRef = 3C946E8D27D9F5A10063FB42 /* ProductsCoordinator.swift */; };
		3C946E9027D9F5DE0063FB42 /* ProductsViewModel.swift in Sources */ = {isa = PBXBuildFile; fileRef = 3C946E8F27D9F5DE0063FB42 /* ProductsViewModel.swift */; };
		3C946E9327D9F61F0063FB42 /* Enums.swift in Sources */ = {isa = PBXBuildFile; fileRef = 3C946E9227D9F61F0063FB42 /* Enums.swift */; };
		3C946E9527D9F6AF0063FB42 /* ProductsViewController.swift in Sources */ = {isa = PBXBuildFile; fileRef = 3C946E9427D9F6AF0063FB42 /* ProductsViewController.swift */; };
		3C946E9727D9F88D0063FB42 /* Products+Input&Output.swift in Sources */ = {isa = PBXBuildFile; fileRef = 3C946E9627D9F88D0063FB42 /* Products+Input&Output.swift */; };
		3C946E9B27DA028E0063FB42 /* ImageFilterOperation.swift in Sources */ = {isa = PBXBuildFile; fileRef = 3C946E9A27DA028E0063FB42 /* ImageFilterOperation.swift */; };
		3C946E9D27DA029B0063FB42 /* AsyncOperation.swift in Sources */ = {isa = PBXBuildFile; fileRef = 3C946E9C27DA029B0063FB42 /* AsyncOperation.swift */; };
		3C946E9F27DA030A0063FB42 /* DataLoadOperation.swift in Sources */ = {isa = PBXBuildFile; fileRef = 3C946E9E27DA030A0063FB42 /* DataLoadOperation.swift */; };
		3C946EA127DA03420063FB42 /* ImageDecompressionOperation.swift in Sources */ = {isa = PBXBuildFile; fileRef = 3C946EA027DA03420063FB42 /* ImageDecompressionOperation.swift */; };
		3C946EA327DA03780063FB42 /* ImageSizeOperation.swift in Sources */ = {isa = PBXBuildFile; fileRef = 3C946EA227DA03780063FB42 /* ImageSizeOperation.swift */; };
		3C946EA527DA03B70063FB42 /* ImageFilterOutputOperation.swift in Sources */ = {isa = PBXBuildFile; fileRef = 3C946EA427DA03B70063FB42 /* ImageFilterOutputOperation.swift */; };
		3C946EA927DA04350063FB42 /* ProductImageProvider.swift in Sources */ = {isa = PBXBuildFile; fileRef = 3C946EA827DA04350063FB42 /* ProductImageProvider.swift */; };
		3C946EAB27DA076C0063FB42 /* DataService.swift in Sources */ = {isa = PBXBuildFile; fileRef = 3C946EAA27DA076C0063FB42 /* DataService.swift */; };
		3C946EB927DA2F460063FB42 /* UIImage+Decoded.swift in Sources */ = {isa = PBXBuildFile; fileRef = 3C946EB827DA2F460063FB42 /* UIImage+Decoded.swift */; };
		3C946EBC27DA8DC00063FB42 /* ImageCache.swift in Sources */ = {isa = PBXBuildFile; fileRef = 3C946EBB27DA8DC00063FB42 /* ImageCache.swift */; };
		3C94E4AB27E4D17B00DEB6AA /* ViewController+SubView.swift in Sources */ = {isa = PBXBuildFile; fileRef = 3C94E4AA27E4D17B00DEB6AA /* ViewController+SubView.swift */; };
		3C94E4B027E4D58B00DEB6AA /* ProducDetailView.swift in Sources */ = {isa = PBXBuildFile; fileRef = 3C94E4AF27E4D58B00DEB6AA /* ProducDetailView.swift */; };
		3C990B7C27D925550007EA54 /* AppDelegate.swift in Sources */ = {isa = PBXBuildFile; fileRef = 3C990B7B27D925550007EA54 /* AppDelegate.swift */; };
		3C990B8627D925550007EA54 /* TurkcellAssignment.xcdatamodeld in Sources */ = {isa = PBXBuildFile; fileRef = 3C990B8427D925550007EA54 /* TurkcellAssignment.xcdatamodeld */; };
		3C990B8827D925560007EA54 /* Assets.xcassets in Resources */ = {isa = PBXBuildFile; fileRef = 3C990B8727D925560007EA54 /* Assets.xcassets */; };
		3C990B8B27D925560007EA54 /* LaunchScreen.storyboard in Resources */ = {isa = PBXBuildFile; fileRef = 3C990B8927D925560007EA54 /* LaunchScreen.storyboard */; };
		3C990BA027D925560007EA54 /* TurkcellAssignmentUITests.swift in Sources */ = {isa = PBXBuildFile; fileRef = 3C990B9F27D925560007EA54 /* TurkcellAssignmentUITests.swift */; };
		3C990BA227D925560007EA54 /* TurkcellAssignmentUITestsLaunchTests.swift in Sources */ = {isa = PBXBuildFile; fileRef = 3C990BA127D925560007EA54 /* TurkcellAssignmentUITestsLaunchTests.swift */; };
		3C990BB427D926300007EA54 /* AppCoordinator.swift in Sources */ = {isa = PBXBuildFile; fileRef = 3C990BB327D926300007EA54 /* AppCoordinator.swift */; };
		3C990BB627D9263B0007EA54 /* AppDependency.swift in Sources */ = {isa = PBXBuildFile; fileRef = 3C990BB527D9263B0007EA54 /* AppDependency.swift */; };
		3C990BBB27D9268C0007EA54 /* Coordinator.swift in Sources */ = {isa = PBXBuildFile; fileRef = 3C990BBA27D9268C0007EA54 /* Coordinator.swift */; };
		3C990BBD27D926980007EA54 /* BaseCoordinator.swift in Sources */ = {isa = PBXBuildFile; fileRef = 3C990BBC27D926980007EA54 /* BaseCoordinator.swift */; };
		3C990BBF27D926AA0007EA54 /* Drawable.swift in Sources */ = {isa = PBXBuildFile; fileRef = 3C990BBE27D926AA0007EA54 /* Drawable.swift */; };
		3C990BC127D926B30007EA54 /* Wireframe.swift in Sources */ = {isa = PBXBuildFile; fileRef = 3C990BC027D926B30007EA54 /* Wireframe.swift */; };
		3CFBB0EC27DC75FC00A98A85 /* ImageLoader.swift in Sources */ = {isa = PBXBuildFile; fileRef = 3CFBB0EB27DC75FC00A98A85 /* ImageLoader.swift */; };
/* End PBXBuildFile section */

/* Begin PBXContainerItemProxy section */
		3C990B9227D925560007EA54 /* PBXContainerItemProxy */ = {
			isa = PBXContainerItemProxy;
			containerPortal = 3C990B7027D925550007EA54 /* Project object */;
			proxyType = 1;
			remoteGlobalIDString = 3C990B7727D925550007EA54;
			remoteInfo = TurkcellAssignment;
		};
		3C990B9C27D925560007EA54 /* PBXContainerItemProxy */ = {
			isa = PBXContainerItemProxy;
			containerPortal = 3C990B7027D925550007EA54 /* Project object */;
			proxyType = 1;
			remoteGlobalIDString = 3C990B7727D925550007EA54;
			remoteInfo = TurkcellAssignment;
		};
/* End PBXContainerItemProxy section */

/* Begin PBXFileReference section */
		3C018C9627EB4CBE000784CE /* Typealias.swift */ = {isa = PBXFileReference; lastKnownFileType = sourcecode.swift; path = Typealias.swift; sourceTree = "<group>"; };
		3C018C9827EB4D36000784CE /* NetworkReachability.swift */ = {isa = PBXFileReference; lastKnownFileType = sourcecode.swift; path = NetworkReachability.swift; sourceTree = "<group>"; };
		3C039E8B2823FAFF004AD6B1 /* Binder.swift */ = {isa = PBXFileReference; lastKnownFileType = sourcecode.swift; path = Binder.swift; sourceTree = "<group>"; };
		3C039E8D2823FC22004AD6B1 /* BinderExtensions.swift */ = {isa = PBXFileReference; lastKnownFileType = sourcecode.swift; path = BinderExtensions.swift; sourceTree = "<group>"; };
		3C0A53FD27E1C17B00B105C0 /* LoadTestData.swift */ = {isa = PBXFileReference; lastKnownFileType = sourcecode.swift; path = LoadTestData.swift; sourceTree = "<group>"; };
		3C0A53FF27E1C1AD00B105C0 /* ProductsViewModelTest.swift */ = {isa = PBXFileReference; lastKnownFileType = sourcecode.swift; path = ProductsViewModelTest.swift; sourceTree = "<group>"; };
		3C0A540127E1F4BF00B105C0 /* TestProductsData.json */ = {isa = PBXFileReference; lastKnownFileType = text.json; path = TestProductsData.json; sourceTree = "<group>"; };
		3C0A540227E1F4DB00B105C0 /* TestProductDetailData.json */ = {isa = PBXFileReference; lastKnownFileType = text.json; path = TestProductDetailData.json; sourceTree = "<group>"; };
		3C10462D27DF4CD200214901 /* ProductEntity+CoreDataClass.swift */ = {isa = PBXFileReference; lastKnownFileType = sourcecode.swift; path = "ProductEntity+CoreDataClass.swift"; sourceTree = "<group>"; };
		3C10462E27DF4CD200214901 /* ProductEntity+CoreDataProperties.swift */ = {isa = PBXFileReference; lastKnownFileType = sourcecode.swift; path = "ProductEntity+CoreDataProperties.swift"; sourceTree = "<group>"; };
		3C10462F27DF4CD200214901 /* ProductDetailEntity+CoreDataClass.swift */ = {isa = PBXFileReference; lastKnownFileType = sourcecode.swift; path = "ProductDetailEntity+CoreDataClass.swift"; sourceTree = "<group>"; };
		3C10463027DF4CD200214901 /* ProductDetailEntity+CoreDataProperties.swift */ = {isa = PBXFileReference; lastKnownFileType = sourcecode.swift; path = "ProductDetailEntity+CoreDataProperties.swift"; sourceTree = "<group>"; };
		3C10463E27DF548800214901 /* DataController.swift */ = {isa = PBXFileReference; lastKnownFileType = sourcecode.swift; path = DataController.swift; sourceTree = "<group>"; };
		3C10464127DF859300214901 /* ManagedObjectConvertible.swift */ = {isa = PBXFileReference; lastKnownFileType = sourcecode.swift; path = ManagedObjectConvertible.swift; sourceTree = "<group>"; };
		3C10464327DF85A800214901 /* ModelConvertible.swift */ = {isa = PBXFileReference; lastKnownFileType = sourcecode.swift; path = ModelConvertible.swift; sourceTree = "<group>"; };
		3C10464727DFB86C00214901 /* DataFetcherDelegate.swift */ = {isa = PBXFileReference; lastKnownFileType = sourcecode.swift; path = DataFetcherDelegate.swift; sourceTree = "<group>"; };
		3C10464927DFB8E500214901 /* CoreDataWrapper.swift */ = {isa = PBXFileReference; lastKnownFileType = sourcecode.swift; path = CoreDataWrapper.swift; sourceTree = "<group>"; };
		3C10464B27DFB99900214901 /* ProductDAO.swift */ = {isa = PBXFileReference; lastKnownFileType = sourcecode.swift; path = ProductDAO.swift; sourceTree = "<group>"; };
		3C10464D27DFBB0000214901 /* ProtocolDAO.swift */ = {isa = PBXFileReference; lastKnownFileType = sourcecode.swift; path = ProtocolDAO.swift; sourceTree = "<group>"; };
		3C10465227E0DE0E00214901 /* ProductDetailCoordinator.swift */ = {isa = PBXFileReference; lastKnownFileType = sourcecode.swift; path = ProductDetailCoordinator.swift; sourceTree = "<group>"; };
		3C10C75A27E0DF47000DFC4A /* ProductDetailViewController.swift */ = {isa = PBXFileReference; lastKnownFileType = sourcecode.swift; path = ProductDetailViewController.swift; sourceTree = "<group>"; };
		3C10C75C27E0DF55000DFC4A /* ProductDetailViewModel.swift */ = {isa = PBXFileReference; lastKnownFileType = sourcecode.swift; path = ProductDetailViewModel.swift; sourceTree = "<group>"; };
		3C10C75E27E0DFA8000DFC4A /* ProductDetail+Input&Output.swift */ = {isa = PBXFileReference; lastKnownFileType = sourcecode.swift; path = "ProductDetail+Input&Output.swift"; sourceTree = "<group>"; };
		3C10C76427E0FED0000DFC4A /* TextTheme.swift */ = {isa = PBXFileReference; lastKnownFileType = sourcecode.swift; path = TextTheme.swift; sourceTree = "<group>"; };
		3C10C76627E0FEDC000DFC4A /* LabelTheme.swift */ = {isa = PBXFileReference; lastKnownFileType = sourcecode.swift; path = LabelTheme.swift; sourceTree = "<group>"; };
		3C10C76927E0FF3A000DFC4A /* Label.swift */ = {isa = PBXFileReference; lastKnownFileType = sourcecode.swift; path = Label.swift; sourceTree = "<group>"; };
		3C10C76B27E0FFE3000DFC4A /* H1HeaderLabel.swift */ = {isa = PBXFileReference; lastKnownFileType = sourcecode.swift; path = H1HeaderLabel.swift; sourceTree = "<group>"; };
		3C10C76D27E10070000DFC4A /* P1TextLabel.swift */ = {isa = PBXFileReference; lastKnownFileType = sourcecode.swift; path = P1TextLabel.swift; sourceTree = "<group>"; };
		3C10C76F27E10CA7000DFC4A /* DynamicLabel.swift */ = {isa = PBXFileReference; lastKnownFileType = sourcecode.swift; path = DynamicLabel.swift; sourceTree = "<group>"; };
		3C10C77327E10EEB000DFC4A /* ImageView.swift */ = {isa = PBXFileReference; lastKnownFileType = sourcecode.swift; path = ImageView.swift; sourceTree = "<group>"; };
		3C10C77727E12507000DFC4A /* AppColors.swift */ = {isa = PBXFileReference; lastKnownFileType = sourcecode.swift; path = AppColors.swift; sourceTree = "<group>"; };
		3C10C77927E12646000DFC4A /* H2HeaderLabel.swift */ = {isa = PBXFileReference; lastKnownFileType = sourcecode.swift; path = H2HeaderLabel.swift; sourceTree = "<group>"; };
		3C10C77D27E1305A000DFC4A /* DownloadableImageView.swift */ = {isa = PBXFileReference; lastKnownFileType = sourcecode.swift; path = DownloadableImageView.swift; sourceTree = "<group>"; };
		3C10C78227E1375E000DFC4A /* BaseViewController.swift */ = {isa = PBXFileReference; lastKnownFileType = sourcecode.swift; path = BaseViewController.swift; sourceTree = "<group>"; };
		3C10C78427E1377F000DFC4A /* BaseViewModel.swift */ = {isa = PBXFileReference; lastKnownFileType = sourcecode.swift; path = BaseViewModel.swift; sourceTree = "<group>"; };
		3C10C78627E137B3000DFC4A /* Base+Input&Output.swift */ = {isa = PBXFileReference; lastKnownFileType = sourcecode.swift; path = "Base+Input&Output.swift"; sourceTree = "<group>"; };
		3C10C78927E140BB000DFC4A /* UIViewController+Loading.swift */ = {isa = PBXFileReference; lastKnownFileType = sourcecode.swift; path = "UIViewController+Loading.swift"; sourceTree = "<group>"; };
		3C112B6B27E22E300045F6C4 /* ProductDetailViewModelTest.swift */ = {isa = PBXFileReference; lastKnownFileType = sourcecode.swift; path = ProductDetailViewModelTest.swift; sourceTree = "<group>"; };
		3C112B7027E2746D0045F6C4 /* ProductDetailDAO.swift */ = {isa = PBXFileReference; lastKnownFileType = sourcecode.swift; path = ProductDetailDAO.swift; sourceTree = "<group>"; };
		3C20563D27DB7CF30000C751 /* Dimensions.swift */ = {isa = PBXFileReference; lastKnownFileType = sourcecode.swift; path = Dimensions.swift; sourceTree = "<group>"; };
		3C20563F27DB7D3B0000C751 /* UCollectionViewCell.swift */ = {isa = PBXFileReference; lastKnownFileType = sourcecode.swift; path = UCollectionViewCell.swift; sourceTree = "<group>"; };
		3C20564127DB7D8A0000C751 /* ProductCell.swift */ = {isa = PBXFileReference; lastKnownFileType = sourcecode.swift; path = ProductCell.swift; sourceTree = "<group>"; };
		3C946E6D27D9D4260063FB42 /* SampleServiceRouter.swift */ = {isa = PBXFileReference; lastKnownFileType = sourcecode.swift; path = SampleServiceRouter.swift; sourceTree = "<group>"; };
		3C946E7127D9D43E0063FB42 /* APIClient.swift */ = {isa = PBXFileReference; lastKnownFileType = sourcecode.swift; path = APIClient.swift; sourceTree = "<group>"; };
		3C946E7327D9DC2D0063FB42 /* HTTPMethod.swift */ = {isa = PBXFileReference; lastKnownFileType = sourcecode.swift; path = HTTPMethod.swift; sourceTree = "<group>"; };
		3C946E7527D9DC6C0063FB42 /* Router.swift */ = {isa = PBXFileReference; lastKnownFileType = sourcecode.swift; path = Router.swift; sourceTree = "<group>"; };
		3C946E7727D9DFC90063FB42 /* HTTPHeaderField.swift */ = {isa = PBXFileReference; lastKnownFileType = sourcecode.swift; path = HTTPHeaderField.swift; sourceTree = "<group>"; };
		3C946E7927D9DFD40063FB42 /* ContentType.swift */ = {isa = PBXFileReference; lastKnownFileType = sourcecode.swift; path = ContentType.swift; sourceTree = "<group>"; };
		3C946E7C27D9E3460063FB42 /* ProductModel.swift */ = {isa = PBXFileReference; lastKnownFileType = sourcecode.swift; path = ProductModel.swift; sourceTree = "<group>"; };
		3C946E7E27D9E4A90063FB42 /* DetailModel.swift */ = {isa = PBXFileReference; lastKnownFileType = sourcecode.swift; path = DetailModel.swift; sourceTree = "<group>"; };
		3C946E8027D9E4E70063FB42 /* SampleService.swift */ = {isa = PBXFileReference; lastKnownFileType = sourcecode.swift; path = SampleService.swift; sourceTree = "<group>"; };
		3C946E8227D9F39C0063FB42 /* ApiError.swift */ = {isa = PBXFileReference; lastKnownFileType = sourcecode.swift; path = ApiError.swift; sourceTree = "<group>"; };
		3C946E8427D9F3AF0063FB42 /* ErrorModel.swift */ = {isa = PBXFileReference; lastKnownFileType = sourcecode.swift; path = ErrorModel.swift; sourceTree = "<group>"; };
		3C946E8627D9F3BD0063FB42 /* ApiResult.swift */ = {isa = PBXFileReference; lastKnownFileType = sourcecode.swift; path = ApiResult.swift; sourceTree = "<group>"; };
		3C946E8827D9F4350063FB42 /* ProductsResponseModel.swift */ = {isa = PBXFileReference; lastKnownFileType = sourcecode.swift; path = ProductsResponseModel.swift; sourceTree = "<group>"; };
		3C946E8D27D9F5A10063FB42 /* ProductsCoordinator.swift */ = {isa = PBXFileReference; lastKnownFileType = sourcecode.swift; path = ProductsCoordinator.swift; sourceTree = "<group>"; };
		3C946E8F27D9F5DE0063FB42 /* ProductsViewModel.swift */ = {isa = PBXFileReference; lastKnownFileType = sourcecode.swift; path = ProductsViewModel.swift; sourceTree = "<group>"; };
		3C946E9227D9F61F0063FB42 /* Enums.swift */ = {isa = PBXFileReference; lastKnownFileType = sourcecode.swift; path = Enums.swift; sourceTree = "<group>"; };
		3C946E9427D9F6AF0063FB42 /* ProductsViewController.swift */ = {isa = PBXFileReference; lastKnownFileType = sourcecode.swift; path = ProductsViewController.swift; sourceTree = "<group>"; };
		3C946E9627D9F88D0063FB42 /* Products+Input&Output.swift */ = {isa = PBXFileReference; lastKnownFileType = sourcecode.swift; path = "Products+Input&Output.swift"; sourceTree = "<group>"; };
		3C946E9A27DA028E0063FB42 /* ImageFilterOperation.swift */ = {isa = PBXFileReference; lastKnownFileType = sourcecode.swift; path = ImageFilterOperation.swift; sourceTree = "<group>"; };
		3C946E9C27DA029B0063FB42 /* AsyncOperation.swift */ = {isa = PBXFileReference; lastKnownFileType = sourcecode.swift; path = AsyncOperation.swift; sourceTree = "<group>"; };
		3C946E9E27DA030A0063FB42 /* DataLoadOperation.swift */ = {isa = PBXFileReference; lastKnownFileType = sourcecode.swift; path = DataLoadOperation.swift; sourceTree = "<group>"; };
		3C946EA027DA03420063FB42 /* ImageDecompressionOperation.swift */ = {isa = PBXFileReference; lastKnownFileType = sourcecode.swift; path = ImageDecompressionOperation.swift; sourceTree = "<group>"; };
		3C946EA227DA03780063FB42 /* ImageSizeOperation.swift */ = {isa = PBXFileReference; lastKnownFileType = sourcecode.swift; path = ImageSizeOperation.swift; sourceTree = "<group>"; };
		3C946EA427DA03B70063FB42 /* ImageFilterOutputOperation.swift */ = {isa = PBXFileReference; lastKnownFileType = sourcecode.swift; path = ImageFilterOutputOperation.swift; sourceTree = "<group>"; };
		3C946EA827DA04350063FB42 /* ProductImageProvider.swift */ = {isa = PBXFileReference; lastKnownFileType = sourcecode.swift; path = ProductImageProvider.swift; sourceTree = "<group>"; };
		3C946EAA27DA076C0063FB42 /* DataService.swift */ = {isa = PBXFileReference; lastKnownFileType = sourcecode.swift; path = DataService.swift; sourceTree = "<group>"; };
		3C946EB827DA2F460063FB42 /* UIImage+Decoded.swift */ = {isa = PBXFileReference; lastKnownFileType = sourcecode.swift; path = "UIImage+Decoded.swift"; sourceTree = "<group>"; };
		3C946EBB27DA8DC00063FB42 /* ImageCache.swift */ = {isa = PBXFileReference; lastKnownFileType = sourcecode.swift; path = ImageCache.swift; sourceTree = "<group>"; };
		3C94E4AA27E4D17B00DEB6AA /* ViewController+SubView.swift */ = {isa = PBXFileReference; lastKnownFileType = sourcecode.swift; path = "ViewController+SubView.swift"; sourceTree = "<group>"; };
		3C94E4AF27E4D58B00DEB6AA /* ProducDetailView.swift */ = {isa = PBXFileReference; lastKnownFileType = sourcecode.swift; path = ProducDetailView.swift; sourceTree = "<group>"; };
		3C990B7827D925550007EA54 /* InterViewProject.app */ = {isa = PBXFileReference; explicitFileType = wrapper.application; includeInIndex = 0; path = InterViewProject.app; sourceTree = BUILT_PRODUCTS_DIR; };
		3C990B7B27D925550007EA54 /* AppDelegate.swift */ = {isa = PBXFileReference; lastKnownFileType = sourcecode.swift; path = AppDelegate.swift; sourceTree = "<group>"; };
		3C990B8527D925550007EA54 /* TurkcellAssignment.xcdatamodel */ = {isa = PBXFileReference; lastKnownFileType = wrapper.xcdatamodel; path = TurkcellAssignment.xcdatamodel; sourceTree = "<group>"; };
		3C990B8727D925560007EA54 /* Assets.xcassets */ = {isa = PBXFileReference; lastKnownFileType = folder.assetcatalog; path = Assets.xcassets; sourceTree = "<group>"; };
		3C990B8A27D925560007EA54 /* Base */ = {isa = PBXFileReference; lastKnownFileType = file.storyboard; name = Base; path = Base.lproj/LaunchScreen.storyboard; sourceTree = "<group>"; };
		3C990B8C27D925560007EA54 /* Info.plist */ = {isa = PBXFileReference; lastKnownFileType = text.plist.xml; path = Info.plist; sourceTree = "<group>"; };
		3C990B9127D925560007EA54 /* InterViewProjectTests.xctest */ = {isa = PBXFileReference; explicitFileType = wrapper.cfbundle; includeInIndex = 0; path = InterViewProjectTests.xctest; sourceTree = BUILT_PRODUCTS_DIR; };
		3C990B9B27D925560007EA54 /* InterViewProjectUITests.xctest */ = {isa = PBXFileReference; explicitFileType = wrapper.cfbundle; includeInIndex = 0; path = InterViewProjectUITests.xctest; sourceTree = BUILT_PRODUCTS_DIR; };
		3C990B9F27D925560007EA54 /* TurkcellAssignmentUITests.swift */ = {isa = PBXFileReference; lastKnownFileType = sourcecode.swift; path = TurkcellAssignmentUITests.swift; sourceTree = "<group>"; };
		3C990BA127D925560007EA54 /* TurkcellAssignmentUITestsLaunchTests.swift */ = {isa = PBXFileReference; lastKnownFileType = sourcecode.swift; path = TurkcellAssignmentUITestsLaunchTests.swift; sourceTree = "<group>"; };
		3C990BB327D926300007EA54 /* AppCoordinator.swift */ = {isa = PBXFileReference; lastKnownFileType = sourcecode.swift; path = AppCoordinator.swift; sourceTree = "<group>"; };
		3C990BB527D9263B0007EA54 /* AppDependency.swift */ = {isa = PBXFileReference; lastKnownFileType = sourcecode.swift; path = AppDependency.swift; sourceTree = "<group>"; };
		3C990BBA27D9268C0007EA54 /* Coordinator.swift */ = {isa = PBXFileReference; lastKnownFileType = sourcecode.swift; path = Coordinator.swift; sourceTree = "<group>"; };
		3C990BBC27D926980007EA54 /* BaseCoordinator.swift */ = {isa = PBXFileReference; lastKnownFileType = sourcecode.swift; path = BaseCoordinator.swift; sourceTree = "<group>"; };
		3C990BBE27D926AA0007EA54 /* Drawable.swift */ = {isa = PBXFileReference; lastKnownFileType = sourcecode.swift; path = Drawable.swift; sourceTree = "<group>"; };
		3C990BC027D926B30007EA54 /* Wireframe.swift */ = {isa = PBXFileReference; lastKnownFileType = sourcecode.swift; path = Wireframe.swift; sourceTree = "<group>"; };
		3CFBB0EB27DC75FC00A98A85 /* ImageLoader.swift */ = {isa = PBXFileReference; lastKnownFileType = sourcecode.swift; path = ImageLoader.swift; sourceTree = "<group>"; };
/* End PBXFileReference section */

/* Begin PBXFrameworksBuildPhase section */
		3C990B7527D925550007EA54 /* Frameworks */ = {
			isa = PBXFrameworksBuildPhase;
			buildActionMask = 2147483647;
			files = (
			);
			runOnlyForDeploymentPostprocessing = 0;
		};
		3C990B8E27D925560007EA54 /* Frameworks */ = {
			isa = PBXFrameworksBuildPhase;
			buildActionMask = 2147483647;
			files = (
			);
			runOnlyForDeploymentPostprocessing = 0;
		};
		3C990B9827D925560007EA54 /* Frameworks */ = {
			isa = PBXFrameworksBuildPhase;
			buildActionMask = 2147483647;
			files = (
			);
			runOnlyForDeploymentPostprocessing = 0;
		};
/* End PBXFrameworksBuildPhase section */

/* Begin PBXGroup section */
		3C10463D27DF547C00214901 /* CoreData */ = {
			isa = PBXGroup;
			children = (
				3C990B8427D925550007EA54 /* TurkcellAssignment.xcdatamodeld */,
				3C10463E27DF548800214901 /* DataController.swift */,
				3C10464B27DFB99900214901 /* ProductDAO.swift */,
				3C112B7027E2746D0045F6C4 /* ProductDetailDAO.swift */,
				3C10464027DF857B00214901 /* Helpers */,
			);
			path = CoreData;
			sourceTree = "<group>";
		};
		3C10464027DF857B00214901 /* Helpers */ = {
			isa = PBXGroup;
			children = (
				3C10464D27DFBB0000214901 /* ProtocolDAO.swift */,
				3C10464127DF859300214901 /* ManagedObjectConvertible.swift */,
				3C10464327DF85A800214901 /* ModelConvertible.swift */,
				3C10464727DFB86C00214901 /* DataFetcherDelegate.swift */,
				3C10464927DFB8E500214901 /* CoreDataWrapper.swift */,
			);
			path = Helpers;
			sourceTree = "<group>";
		};
		3C10464F27E0DD1500214901 /* ViewModel */ = {
			isa = PBXGroup;
			children = (
				3C10C75C27E0DF55000DFC4A /* ProductDetailViewModel.swift */,
				3C10C75E27E0DFA8000DFC4A /* ProductDetail+Input&Output.swift */,
			);
			path = ViewModel;
			sourceTree = "<group>";
		};
		3C10465027E0DDE500214901 /* View */ = {
			isa = PBXGroup;
			children = (
				3C10C75A27E0DF47000DFC4A /* ProductDetailViewController.swift */,
				3C94E4AF27E4D58B00DEB6AA /* ProducDetailView.swift */,
			);
			path = View;
			sourceTree = "<group>";
		};
		3C10465127E0DDEA00214901 /* Coordinator */ = {
			isa = PBXGroup;
			children = (
				3C10465227E0DE0E00214901 /* ProductDetailCoordinator.swift */,
			);
			path = Coordinator;
			sourceTree = "<group>";
		};
		3C10C76227E0FEA0000DFC4A /* Design */ = {
			isa = PBXGroup;
			children = (
				3C10C77727E12507000DFC4A /* AppColors.swift */,
				3C10C76327E0FEB4000DFC4A /* Themes */,
				3C10C76827E0FF1B000DFC4A /* Elements */,
			);
			path = Design;
			sourceTree = "<group>";
		};
		3C10C76327E0FEB4000DFC4A /* Themes */ = {
			isa = PBXGroup;
			children = (
				3C10C76427E0FED0000DFC4A /* TextTheme.swift */,
				3C10C76627E0FEDC000DFC4A /* LabelTheme.swift */,
			);
			path = Themes;
			sourceTree = "<group>";
		};
		3C10C76827E0FF1B000DFC4A /* Elements */ = {
			isa = PBXGroup;
			children = (
				3C10C77227E10D12000DFC4A /* ImageView */,
				3C10C77127E10CFB000DFC4A /* Labels */,
			);
			path = Elements;
			sourceTree = "<group>";
		};
		3C10C77127E10CFB000DFC4A /* Labels */ = {
			isa = PBXGroup;
			children = (
				3C10C76927E0FF3A000DFC4A /* Label.swift */,
				3C10C76B27E0FFE3000DFC4A /* H1HeaderLabel.swift */,
				3C10C77927E12646000DFC4A /* H2HeaderLabel.swift */,
				3C10C76D27E10070000DFC4A /* P1TextLabel.swift */,
				3C10C76F27E10CA7000DFC4A /* DynamicLabel.swift */,
			);
			path = Labels;
			sourceTree = "<group>";
		};
		3C10C77227E10D12000DFC4A /* ImageView */ = {
			isa = PBXGroup;
			children = (
				3C10C77327E10EEB000DFC4A /* ImageView.swift */,
				3C10C77D27E1305A000DFC4A /* DownloadableImageView.swift */,
			);
			path = ImageView;
			sourceTree = "<group>";
		};
		3C10C77F27E13721000DFC4A /* Base */ = {
			isa = PBXGroup;
			children = (
				3C10C78827E13D3B000DFC4A /* Coordinator */,
				3C10C78027E13736000DFC4A /* View */,
				3C10C78127E1373E000DFC4A /* ViewModel */,
			);
			path = Base;
			sourceTree = "<group>";
		};
		3C10C78027E13736000DFC4A /* View */ = {
			isa = PBXGroup;
			children = (
				3C10C78227E1375E000DFC4A /* BaseViewController.swift */,
			);
			path = View;
			sourceTree = "<group>";
		};
		3C10C78127E1373E000DFC4A /* ViewModel */ = {
			isa = PBXGroup;
			children = (
				3C10C78427E1377F000DFC4A /* BaseViewModel.swift */,
				3C10C78627E137B3000DFC4A /* Base+Input&Output.swift */,
			);
			path = ViewModel;
			sourceTree = "<group>";
		};
		3C10C78827E13D3B000DFC4A /* Coordinator */ = {
			isa = PBXGroup;
			children = (
				3C990BBC27D926980007EA54 /* BaseCoordinator.swift */,
			);
			path = Coordinator;
			sourceTree = "<group>";
		};
		3C112B6D27E2316E0045F6C4 /* Models */ = {
			isa = PBXGroup;
			children = (
				3C946E8227D9F39C0063FB42 /* ApiError.swift */,
				3C946E8427D9F3AF0063FB42 /* ErrorModel.swift */,
				3C946E8627D9F3BD0063FB42 /* ApiResult.swift */,
			);
			path = Models;
			sourceTree = "<group>";
		};
		3C112BB127E27BFD0045F6C4 /* Other */ = {
			isa = PBXGroup;
			children = (
				3C946E9227D9F61F0063FB42 /* Enums.swift */,
			);
			path = Other;
			sourceTree = "<group>";
		};
		3C20563C27DB7CE10000C751 /* Utilities */ = {
			isa = PBXGroup;
			children = (
				3C20563D27DB7CF30000C751 /* Dimensions.swift */,
				3C94E4AA27E4D17B00DEB6AA /* ViewController+SubView.swift */,
				3C018C9627EB4CBE000784CE /* Typealias.swift */,
				3C039E8B2823FAFF004AD6B1 /* Binder.swift */,
			);
			path = Utilities;
			sourceTree = "<group>";
		};
		3C946E6927D9D3E20063FB42 /* Network */ = {
			isa = PBXGroup;
			children = (
				3C946E7327D9DC2D0063FB42 /* HTTPMethod.swift */,
				3C946E7727D9DFC90063FB42 /* HTTPHeaderField.swift */,
				3C946E7927D9DFD40063FB42 /* ContentType.swift */,
				3C018C9827EB4D36000784CE /* NetworkReachability.swift */,
				3C946E6A27D9D3F60063FB42 /* Routers */,
				3C112B6D27E2316E0045F6C4 /* Models */,
				3C946E6C27D9D4050063FB42 /* Client */,
			);
			path = Network;
			sourceTree = "<group>";
		};
		3C946E6A27D9D3F60063FB42 /* Routers */ = {
			isa = PBXGroup;
			children = (
				3C946E7527D9DC6C0063FB42 /* Router.swift */,
				3C946E6D27D9D4260063FB42 /* SampleServiceRouter.swift */,
			);
			path = Routers;
			sourceTree = "<group>";
		};
		3C946E6C27D9D4050063FB42 /* Client */ = {
			isa = PBXGroup;
			children = (
				3C946E7127D9D43E0063FB42 /* APIClient.swift */,
			);
			path = Client;
			sourceTree = "<group>";
		};
		3C946E7B27D9E3090063FB42 /* SampleService */ = {
			isa = PBXGroup;
			children = (
				3C946E8827D9F4350063FB42 /* ProductsResponseModel.swift */,
				3C946E7C27D9E3460063FB42 /* ProductModel.swift */,
				3C946E7E27D9E4A90063FB42 /* DetailModel.swift */,
			);
			path = SampleService;
			sourceTree = "<group>";
		};
		3C946E8A27D9F5610063FB42 /* ViewModel */ = {
			isa = PBXGroup;
			children = (
				3C946E8F27D9F5DE0063FB42 /* ProductsViewModel.swift */,
				3C946E9627D9F88D0063FB42 /* Products+Input&Output.swift */,
			);
			path = ViewModel;
			sourceTree = "<group>";
		};
		3C946E8B27D9F56A0063FB42 /* Coordinator */ = {
			isa = PBXGroup;
			children = (
				3C946E8D27D9F5A10063FB42 /* ProductsCoordinator.swift */,
			);
			path = Coordinator;
			sourceTree = "<group>";
		};
		3C946E8C27D9F5750063FB42 /* View */ = {
			isa = PBXGroup;
			children = (
				3C946E9427D9F6AF0063FB42 /* ProductsViewController.swift */,
				3C20564127DB7D8A0000C751 /* ProductCell.swift */,
			);
			path = View;
			sourceTree = "<group>";
		};
		3C946E9827DA025A0063FB42 /* ImageOperations */ = {
			isa = PBXGroup;
			children = (
				3C946E9927DA02620063FB42 /* Abstract */,
				3C946E9E27DA030A0063FB42 /* DataLoadOperation.swift */,
				3C946EA027DA03420063FB42 /* ImageDecompressionOperation.swift */,
				3C946EA227DA03780063FB42 /* ImageSizeOperation.swift */,
				3C946EA427DA03B70063FB42 /* ImageFilterOutputOperation.swift */,
			);
			path = ImageOperations;
			sourceTree = "<group>";
		};
		3C946E9927DA02620063FB42 /* Abstract */ = {
			isa = PBXGroup;
			children = (
				3C946E9A27DA028E0063FB42 /* ImageFilterOperation.swift */,
				3C946E9C27DA029B0063FB42 /* AsyncOperation.swift */,
			);
			path = Abstract;
			sourceTree = "<group>";
		};
		3C946EA727DA03F30063FB42 /* Operations */ = {
			isa = PBXGroup;
			children = (
				3CFBB0EB27DC75FC00A98A85 /* ImageLoader.swift */,
				3C946EA827DA04350063FB42 /* ProductImageProvider.swift */,
				3C946E9827DA025A0063FB42 /* ImageOperations */,
			);
			path = Operations;
			sourceTree = "<group>";
		};
		3C946EB727DA2F300063FB42 /* Extensions */ = {
			isa = PBXGroup;
			children = (
				3C946EB827DA2F460063FB42 /* UIImage+Decoded.swift */,
				3C20563F27DB7D3B0000C751 /* UCollectionViewCell.swift */,
				3C10C78927E140BB000DFC4A /* UIViewController+Loading.swift */,
				3C039E8D2823FC22004AD6B1 /* BinderExtensions.swift */,
			);
			path = Extensions;
			sourceTree = "<group>";
		};
		3C946EBA27DA8DB30063FB42 /* Cache */ = {
			isa = PBXGroup;
			children = (
				3C946EBB27DA8DC00063FB42 /* ImageCache.swift */,
			);
			path = Cache;
			sourceTree = "<group>";
		};
		3C990B6F27D925550007EA54 = {
			isa = PBXGroup;
			children = (
				3C990B7A27D925550007EA54 /* InterViewProject */,
				3C990B9427D925560007EA54 /* InterViewProjectTests */,
				3C990B9E27D925560007EA54 /* InterViewProjectUITests */,
				3C990B7927D925550007EA54 /* Products */,
			);
			sourceTree = "<group>";
		};
		3C990B7927D925550007EA54 /* Products */ = {
			isa = PBXGroup;
			children = (
				3C990B7827D925550007EA54 /* InterViewProject.app */,
				3C990B9127D925560007EA54 /* InterViewProjectTests.xctest */,
				3C990B9B27D925560007EA54 /* InterViewProjectUITests.xctest */,
			);
			name = Products;
			sourceTree = "<group>";
		};
		3C990B7A27D925550007EA54 /* InterViewProject */ = {
			isa = PBXGroup;
			children = (
				3C990BAE27D925A40007EA54 /* ApplicationLayer */,
				3C990BB227D925E10007EA54 /* PresentationLayer */,
				3C990BB127D925D00007EA54 /* BusinessLogicLayer */,
				3C990BB027D925C00007EA54 /* CoreLayer */,
				3C990BAF27D925B30007EA54 /* SupportingFiles */,
				3C990B8C27D925560007EA54 /* Info.plist */,
			);
			path = InterViewProject;
			sourceTree = "<group>";
		};
		3C990B9427D925560007EA54 /* InterViewProjectTests */ = {
			isa = PBXGroup;
			children = (
				3C0A53FF27E1C1AD00B105C0 /* ProductsViewModelTest.swift */,
				3C112B6B27E22E300045F6C4 /* ProductDetailViewModelTest.swift */,
				3C0A53FD27E1C17B00B105C0 /* LoadTestData.swift */,
				3C0A540127E1F4BF00B105C0 /* TestProductsData.json */,
				3C0A540227E1F4DB00B105C0 /* TestProductDetailData.json */,
			);
			path = InterViewProjectTests;
			sourceTree = "<group>";
		};
		3C990B9E27D925560007EA54 /* InterViewProjectUITests */ = {
			isa = PBXGroup;
			children = (
				3C990B9F27D925560007EA54 /* TurkcellAssignmentUITests.swift */,
				3C990BA127D925560007EA54 /* TurkcellAssignmentUITestsLaunchTests.swift */,
			);
			path = InterViewProjectUITests;
			sourceTree = "<group>";
		};
		3C990BAE27D925A40007EA54 /* ApplicationLayer */ = {
			isa = PBXGroup;
			children = (
				3C990B7B27D925550007EA54 /* AppDelegate.swift */,
				3C990BB327D926300007EA54 /* AppCoordinator.swift */,
				3C990BB527D9263B0007EA54 /* AppDependency.swift */,
			);
			path = ApplicationLayer;
			sourceTree = "<group>";
		};
		3C990BAF27D925B30007EA54 /* SupportingFiles */ = {
			isa = PBXGroup;
			children = (
				3C990B8727D925560007EA54 /* Assets.xcassets */,
				3C990B8927D925560007EA54 /* LaunchScreen.storyboard */,
			);
			path = SupportingFiles;
			sourceTree = "<group>";
		};
		3C990BB027D925C00007EA54 /* CoreLayer */ = {
			isa = PBXGroup;
			children = (
				3C10C76227E0FEA0000DFC4A /* Design */,
				3C946E6927D9D3E20063FB42 /* Network */,
				3C10463D27DF547C00214901 /* CoreData */,
				3C946EBA27DA8DB30063FB42 /* Cache */,
				3C946EA727DA03F30063FB42 /* Operations */,
				3C20563C27DB7CE10000C751 /* Utilities */,
				3C946EB727DA2F300063FB42 /* Extensions */,
			);
			path = CoreLayer;
			sourceTree = "<group>";
		};
		3C990BB127D925D00007EA54 /* BusinessLogicLayer */ = {
			isa = PBXGroup;
			children = (
				3C990BC427D9276E0007EA54 /* Services */,
				3C990BC527D927760007EA54 /* Models */,
			);
			path = BusinessLogicLayer;
			sourceTree = "<group>";
		};
		3C990BB227D925E10007EA54 /* PresentationLayer */ = {
			isa = PBXGroup;
			children = (
				3C990BB927D9266A0007EA54 /* Coordinator */,
				3C990BB827D926640007EA54 /* Wireframe */,
				3C990BB727D9265A0007EA54 /* Scenes */,
			);
			path = PresentationLayer;
			sourceTree = "<group>";
		};
		3C990BB727D9265A0007EA54 /* Scenes */ = {
			isa = PBXGroup;
			children = (
				3C10C77F27E13721000DFC4A /* Base */,
				3C990BC227D926E60007EA54 /* Products */,
				3C990BC327D926ED0007EA54 /* ProductDetail */,
			);
			path = Scenes;
			sourceTree = "<group>";
		};
		3C990BB827D926640007EA54 /* Wireframe */ = {
			isa = PBXGroup;
			children = (
				3C990BC027D926B30007EA54 /* Wireframe.swift */,
				3C990BBE27D926AA0007EA54 /* Drawable.swift */,
			);
			path = Wireframe;
			sourceTree = "<group>";
		};
		3C990BB927D9266A0007EA54 /* Coordinator */ = {
			isa = PBXGroup;
			children = (
				3C990BBA27D9268C0007EA54 /* Coordinator.swift */,
			);
			path = Coordinator;
			sourceTree = "<group>";
		};
		3C990BC227D926E60007EA54 /* Products */ = {
			isa = PBXGroup;
			children = (
				3C946E8B27D9F56A0063FB42 /* Coordinator */,
				3C946E8C27D9F5750063FB42 /* View */,
				3C946E8A27D9F5610063FB42 /* ViewModel */,
			);
			path = Products;
			sourceTree = "<group>";
		};
		3C990BC327D926ED0007EA54 /* ProductDetail */ = {
			isa = PBXGroup;
			children = (
				3C10465127E0DDEA00214901 /* Coordinator */,
				3C10465027E0DDE500214901 /* View */,
				3C10464F27E0DD1500214901 /* ViewModel */,
			);
			path = ProductDetail;
			sourceTree = "<group>";
		};
		3C990BC427D9276E0007EA54 /* Services */ = {
			isa = PBXGroup;
			children = (
				3C946E8027D9E4E70063FB42 /* SampleService.swift */,
				3C946EAA27DA076C0063FB42 /* DataService.swift */,
			);
			path = Services;
			sourceTree = "<group>";
		};
		3C990BC527D927760007EA54 /* Models */ = {
			isa = PBXGroup;
			children = (
				3C946E7B27D9E3090063FB42 /* SampleService */,
				3CFBB0F127DD3E4D00A98A85 /* Database */,
				3C112BB127E27BFD0045F6C4 /* Other */,
			);
			path = Models;
			sourceTree = "<group>";
		};
		3CFBB0F127DD3E4D00A98A85 /* Database */ = {
			isa = PBXGroup;
			children = (
				3C10462D27DF4CD200214901 /* ProductEntity+CoreDataClass.swift */,
				3C10462E27DF4CD200214901 /* ProductEntity+CoreDataProperties.swift */,
				3C10462F27DF4CD200214901 /* ProductDetailEntity+CoreDataClass.swift */,
				3C10463027DF4CD200214901 /* ProductDetailEntity+CoreDataProperties.swift */,
			);
			path = Database;
			sourceTree = "<group>";
		};
/* End PBXGroup section */

/* Begin PBXNativeTarget section */
		3C990B7727D925550007EA54 /* InterViewProject */ = {
			isa = PBXNativeTarget;
			buildConfigurationList = 3C990BA527D925560007EA54 /* Build configuration list for PBXNativeTarget "InterViewProject" */;
			buildPhases = (
				3C990B7427D925550007EA54 /* Sources */,
				3C990B7527D925550007EA54 /* Frameworks */,
				3C990B7627D925550007EA54 /* Resources */,
			);
			buildRules = (
			);
			dependencies = (
			);
			name = InterViewProject;
			productName = TurkcellAssignment;
			productReference = 3C990B7827D925550007EA54 /* InterViewProject.app */;
			productType = "com.apple.product-type.application";
		};
		3C990B9027D925560007EA54 /* InterViewProjectTests */ = {
			isa = PBXNativeTarget;
			buildConfigurationList = 3C990BA827D925560007EA54 /* Build configuration list for PBXNativeTarget "InterViewProjectTests" */;
			buildPhases = (
				3C990B8D27D925560007EA54 /* Sources */,
				3C990B8E27D925560007EA54 /* Frameworks */,
				3C990B8F27D925560007EA54 /* Resources */,
			);
			buildRules = (
			);
			dependencies = (
				3C990B9327D925560007EA54 /* PBXTargetDependency */,
			);
			name = InterViewProjectTests;
			productName = TurkcellAssignmentTests;
			productReference = 3C990B9127D925560007EA54 /* InterViewProjectTests.xctest */;
			productType = "com.apple.product-type.bundle.unit-test";
		};
		3C990B9A27D925560007EA54 /* InterViewProjectUITests */ = {
			isa = PBXNativeTarget;
			buildConfigurationList = 3C990BAB27D925560007EA54 /* Build configuration list for PBXNativeTarget "InterViewProjectUITests" */;
			buildPhases = (
				3C990B9727D925560007EA54 /* Sources */,
				3C990B9827D925560007EA54 /* Frameworks */,
				3C990B9927D925560007EA54 /* Resources */,
			);
			buildRules = (
			);
			dependencies = (
				3C990B9D27D925560007EA54 /* PBXTargetDependency */,
			);
			name = InterViewProjectUITests;
			productName = TurkcellAssignmentUITests;
			productReference = 3C990B9B27D925560007EA54 /* InterViewProjectUITests.xctest */;
			productType = "com.apple.product-type.bundle.ui-testing";
		};
/* End PBXNativeTarget section */

/* Begin PBXProject section */
		3C990B7027D925550007EA54 /* Project object */ = {
			isa = PBXProject;
			attributes = {
				BuildIndependentTargetsInParallel = 1;
				LastSwiftUpdateCheck = 1320;
				LastUpgradeCheck = 1320;
				TargetAttributes = {
					3C990B7727D925550007EA54 = {
						CreatedOnToolsVersion = 13.2.1;
					};
					3C990B9027D925560007EA54 = {
						CreatedOnToolsVersion = 13.2.1;
						TestTargetID = 3C990B7727D925550007EA54;
					};
					3C990B9A27D925560007EA54 = {
						CreatedOnToolsVersion = 13.2.1;
						TestTargetID = 3C990B7727D925550007EA54;
					};
				};
			};
			buildConfigurationList = 3C990B7327D925550007EA54 /* Build configuration list for PBXProject "InterViewProject" */;
			compatibilityVersion = "Xcode 13.0";
			developmentRegion = en;
			hasScannedForEncodings = 0;
			knownRegions = (
				en,
				Base,
			);
			mainGroup = 3C990B6F27D925550007EA54;
			productRefGroup = 3C990B7927D925550007EA54 /* Products */;
			projectDirPath = "";
			projectRoot = "";
			targets = (
				3C990B7727D925550007EA54 /* InterViewProject */,
				3C990B9027D925560007EA54 /* InterViewProjectTests */,
				3C990B9A27D925560007EA54 /* InterViewProjectUITests */,
			);
		};
/* End PBXProject section */

/* Begin PBXResourcesBuildPhase section */
		3C990B7627D925550007EA54 /* Resources */ = {
			isa = PBXResourcesBuildPhase;
			buildActionMask = 2147483647;
			files = (
				3C990B8B27D925560007EA54 /* LaunchScreen.storyboard in Resources */,
				3C990B8827D925560007EA54 /* Assets.xcassets in Resources */,
			);
			runOnlyForDeploymentPostprocessing = 0;
		};
		3C990B8F27D925560007EA54 /* Resources */ = {
			isa = PBXResourcesBuildPhase;
			buildActionMask = 2147483647;
			files = (
				3C112B6327E218130045F6C4 /* TestProductDetailData.json in Resources */,
				3C112B6427E218130045F6C4 /* TestProductsData.json in Resources */,
			);
			runOnlyForDeploymentPostprocessing = 0;
		};
		3C990B9927D925560007EA54 /* Resources */ = {
			isa = PBXResourcesBuildPhase;
			buildActionMask = 2147483647;
			files = (
			);
			runOnlyForDeploymentPostprocessing = 0;
		};
/* End PBXResourcesBuildPhase section */

/* Begin PBXSourcesBuildPhase section */
		3C990B7427D925550007EA54 /* Sources */ = {
			isa = PBXSourcesBuildPhase;
			buildActionMask = 2147483647;
			files = (
				3C946E9727D9F88D0063FB42 /* Products+Input&Output.swift in Sources */,
				3C946EBC27DA8DC00063FB42 /* ImageCache.swift in Sources */,
				3C10464A27DFB8E500214901 /* CoreDataWrapper.swift in Sources */,
				3C946EA127DA03420063FB42 /* ImageDecompressionOperation.swift in Sources */,
				3C10C77027E10CA7000DFC4A /* DynamicLabel.swift in Sources */,
				3C946E8527D9F3AF0063FB42 /* ErrorModel.swift in Sources */,
				3C10C76A27E0FF3A000DFC4A /* Label.swift in Sources */,
				3C990BB627D9263B0007EA54 /* AppDependency.swift in Sources */,
				3C10465327E0DE0E00214901 /* ProductDetailCoordinator.swift in Sources */,
				3C10C76527E0FED0000DFC4A /* TextTheme.swift in Sources */,
				3C946E6E27D9D4260063FB42 /* SampleServiceRouter.swift in Sources */,
				3C10463327DF4CD200214901 /* ProductDetailEntity+CoreDataClass.swift in Sources */,
				3C10C77827E12507000DFC4A /* AppColors.swift in Sources */,
				3C10C78727E137B3000DFC4A /* Base+Input&Output.swift in Sources */,
				3C018C9727EB4CBE000784CE /* Typealias.swift in Sources */,
				3C946EA327DA03780063FB42 /* ImageSizeOperation.swift in Sources */,
				3C10C78527E1377F000DFC4A /* BaseViewModel.swift in Sources */,
				3C10C76E27E10070000DFC4A /* P1TextLabel.swift in Sources */,
				3C946EA927DA04350063FB42 /* ProductImageProvider.swift in Sources */,
				3C946E7627D9DC6C0063FB42 /* Router.swift in Sources */,
				3C10C75B27E0DF47000DFC4A /* ProductDetailViewController.swift in Sources */,
				3C10C76C27E0FFE3000DFC4A /* H1HeaderLabel.swift in Sources */,
				3C20564027DB7D3B0000C751 /* UCollectionViewCell.swift in Sources */,
				3C018C9927EB4D36000784CE /* NetworkReachability.swift in Sources */,
				3C946E7D27D9E3460063FB42 /* ProductModel.swift in Sources */,
				3C94E4B027E4D58B00DEB6AA /* ProducDetailView.swift in Sources */,
				3CFBB0EC27DC75FC00A98A85 /* ImageLoader.swift in Sources */,
				3C10C77A27E12646000DFC4A /* H2HeaderLabel.swift in Sources */,
				3C10463427DF4CD200214901 /* ProductDetailEntity+CoreDataProperties.swift in Sources */,
				3C946E7427D9DC2D0063FB42 /* HTTPMethod.swift in Sources */,
				3C946E9B27DA028E0063FB42 /* ImageFilterOperation.swift in Sources */,
				3C946EB927DA2F460063FB42 /* UIImage+Decoded.swift in Sources */,
				3C20563E27DB7CF30000C751 /* Dimensions.swift in Sources */,
				3C946E9F27DA030A0063FB42 /* DataLoadOperation.swift in Sources */,
				3C946E9527D9F6AF0063FB42 /* ProductsViewController.swift in Sources */,
				3C10463127DF4CD200214901 /* ProductEntity+CoreDataClass.swift in Sources */,
				3C10464827DFB86C00214901 /* DataFetcherDelegate.swift in Sources */,
				3C10C76727E0FEDC000DFC4A /* LabelTheme.swift in Sources */,
				3C990BC127D926B30007EA54 /* Wireframe.swift in Sources */,
				3C946EA527DA03B70063FB42 /* ImageFilterOutputOperation.swift in Sources */,
				3C10C75F27E0DFA8000DFC4A /* ProductDetail+Input&Output.swift in Sources */,
				3C20564227DB7D8A0000C751 /* ProductCell.swift in Sources */,
				3C112B7127E2746D0045F6C4 /* ProductDetailDAO.swift in Sources */,
				3C990B7C27D925550007EA54 /* AppDelegate.swift in Sources */,
				3C10464227DF859300214901 /* ManagedObjectConvertible.swift in Sources */,
				3C946E8727D9F3BD0063FB42 /* ApiResult.swift in Sources */,
				3C10C78327E1375E000DFC4A /* BaseViewController.swift in Sources */,
				3C990BB427D926300007EA54 /* AppCoordinator.swift in Sources */,
				3C990B8627D925550007EA54 /* TurkcellAssignment.xcdatamodeld in Sources */,
				3C10C75D27E0DF55000DFC4A /* ProductDetailViewModel.swift in Sources */,
				3C946E9027D9F5DE0063FB42 /* ProductsViewModel.swift in Sources */,
				3C10464C27DFB99900214901 /* ProductDAO.swift in Sources */,
				3C990BBF27D926AA0007EA54 /* Drawable.swift in Sources */,
				3C946E7F27D9E4A90063FB42 /* DetailModel.swift in Sources */,
				3C10463F27DF548800214901 /* DataController.swift in Sources */,
				3C946E8327D9F39C0063FB42 /* ApiError.swift in Sources */,
				3C10463227DF4CD200214901 /* ProductEntity+CoreDataProperties.swift in Sources */,
				3C946E7227D9D43E0063FB42 /* APIClient.swift in Sources */,
				3C990BBB27D9268C0007EA54 /* Coordinator.swift in Sources */,
				3C946E7827D9DFC90063FB42 /* HTTPHeaderField.swift in Sources */,
				3C10464E27DFBB0000214901 /* ProtocolDAO.swift in Sources */,
				3C10C77E27E1305A000DFC4A /* DownloadableImageView.swift in Sources */,
				3C10C78A27E140BB000DFC4A /* UIViewController+Loading.swift in Sources */,
				3C10464427DF85A800214901 /* ModelConvertible.swift in Sources */,
				3C94E4AB27E4D17B00DEB6AA /* ViewController+SubView.swift in Sources */,
				3C039E8E2823FC23004AD6B1 /* BinderExtensions.swift in Sources */,
				3C946E9327D9F61F0063FB42 /* Enums.swift in Sources */,
				3C946EAB27DA076C0063FB42 /* DataService.swift in Sources */,
				3C946E8927D9F4350063FB42 /* ProductsResponseModel.swift in Sources */,
				3C946E8E27D9F5A10063FB42 /* ProductsCoordinator.swift in Sources */,
				3C990BBD27D926980007EA54 /* BaseCoordinator.swift in Sources */,
				3C946E8127D9E4E70063FB42 /* SampleService.swift in Sources */,
				3C10C77427E10EEB000DFC4A /* ImageView.swift in Sources */,
				3C946E9D27DA029B0063FB42 /* AsyncOperation.swift in Sources */,
				3C039E8C2823FAFF004AD6B1 /* Binder.swift in Sources */,
				3C946E7A27D9DFD40063FB42 /* ContentType.swift in Sources */,
			);
			runOnlyForDeploymentPostprocessing = 0;
		};
		3C990B8D27D925560007EA54 /* Sources */ = {
			isa = PBXSourcesBuildPhase;
			buildActionMask = 2147483647;
			files = (
				3C0A540027E1C1AD00B105C0 /* ProductsViewModelTest.swift in Sources */,
				3C112B6C27E22E300045F6C4 /* ProductDetailViewModelTest.swift in Sources */,
				3C0A53FE27E1C17B00B105C0 /* LoadTestData.swift in Sources */,
			);
			runOnlyForDeploymentPostprocessing = 0;
		};
		3C990B9727D925560007EA54 /* Sources */ = {
			isa = PBXSourcesBuildPhase;
			buildActionMask = 2147483647;
			files = (
				3C990BA027D925560007EA54 /* TurkcellAssignmentUITests.swift in Sources */,
				3C990BA227D925560007EA54 /* TurkcellAssignmentUITestsLaunchTests.swift in Sources */,
			);
			runOnlyForDeploymentPostprocessing = 0;
		};
/* End PBXSourcesBuildPhase section */

/* Begin PBXTargetDependency section */
		3C990B9327D925560007EA54 /* PBXTargetDependency */ = {
			isa = PBXTargetDependency;
			target = 3C990B7727D925550007EA54 /* InterViewProject */;
			targetProxy = 3C990B9227D925560007EA54 /* PBXContainerItemProxy */;
		};
		3C990B9D27D925560007EA54 /* PBXTargetDependency */ = {
			isa = PBXTargetDependency;
			target = 3C990B7727D925550007EA54 /* InterViewProject */;
			targetProxy = 3C990B9C27D925560007EA54 /* PBXContainerItemProxy */;
		};
/* End PBXTargetDependency section */

/* Begin PBXVariantGroup section */
		3C990B8927D925560007EA54 /* LaunchScreen.storyboard */ = {
			isa = PBXVariantGroup;
			children = (
				3C990B8A27D925560007EA54 /* Base */,
			);
			name = LaunchScreen.storyboard;
			sourceTree = "<group>";
		};
/* End PBXVariantGroup section */

/* Begin XCBuildConfiguration section */
		3C990BA327D925560007EA54 /* Debug */ = {
			isa = XCBuildConfiguration;
			buildSettings = {
				ALWAYS_SEARCH_USER_PATHS = NO;
				CLANG_ANALYZER_NONNULL = YES;
				CLANG_ANALYZER_NUMBER_OBJECT_CONVERSION = YES_AGGRESSIVE;
				CLANG_CXX_LANGUAGE_STANDARD = "gnu++17";
				CLANG_CXX_LIBRARY = "libc++";
				CLANG_ENABLE_MODULES = YES;
				CLANG_ENABLE_OBJC_ARC = YES;
				CLANG_ENABLE_OBJC_WEAK = YES;
				CLANG_WARN_BLOCK_CAPTURE_AUTORELEASING = YES;
				CLANG_WARN_BOOL_CONVERSION = YES;
				CLANG_WARN_COMMA = YES;
				CLANG_WARN_CONSTANT_CONVERSION = YES;
				CLANG_WARN_DEPRECATED_OBJC_IMPLEMENTATIONS = YES;
				CLANG_WARN_DIRECT_OBJC_ISA_USAGE = YES_ERROR;
				CLANG_WARN_DOCUMENTATION_COMMENTS = YES;
				CLANG_WARN_EMPTY_BODY = YES;
				CLANG_WARN_ENUM_CONVERSION = YES;
				CLANG_WARN_INFINITE_RECURSION = YES;
				CLANG_WARN_INT_CONVERSION = YES;
				CLANG_WARN_NON_LITERAL_NULL_CONVERSION = YES;
				CLANG_WARN_OBJC_IMPLICIT_RETAIN_SELF = YES;
				CLANG_WARN_OBJC_LITERAL_CONVERSION = YES;
				CLANG_WARN_OBJC_ROOT_CLASS = YES_ERROR;
				CLANG_WARN_QUOTED_INCLUDE_IN_FRAMEWORK_HEADER = YES;
				CLANG_WARN_RANGE_LOOP_ANALYSIS = YES;
				CLANG_WARN_STRICT_PROTOTYPES = YES;
				CLANG_WARN_SUSPICIOUS_MOVE = YES;
				CLANG_WARN_UNGUARDED_AVAILABILITY = YES_AGGRESSIVE;
				CLANG_WARN_UNREACHABLE_CODE = YES;
				CLANG_WARN__DUPLICATE_METHOD_MATCH = YES;
				COPY_PHASE_STRIP = NO;
				DEBUG_INFORMATION_FORMAT = dwarf;
				ENABLE_STRICT_OBJC_MSGSEND = YES;
				ENABLE_TESTABILITY = YES;
				GCC_C_LANGUAGE_STANDARD = gnu11;
				GCC_DYNAMIC_NO_PIC = NO;
				GCC_NO_COMMON_BLOCKS = YES;
				GCC_OPTIMIZATION_LEVEL = 0;
				GCC_PREPROCESSOR_DEFINITIONS = (
					"DEBUG=1",
					"$(inherited)",
				);
				GCC_WARN_64_TO_32_BIT_CONVERSION = YES;
				GCC_WARN_ABOUT_RETURN_TYPE = YES_ERROR;
				GCC_WARN_UNDECLARED_SELECTOR = YES;
				GCC_WARN_UNINITIALIZED_AUTOS = YES_AGGRESSIVE;
				GCC_WARN_UNUSED_FUNCTION = YES;
				GCC_WARN_UNUSED_VARIABLE = YES;
				IPHONEOS_DEPLOYMENT_TARGET = 15.2;
				MTL_ENABLE_DEBUG_INFO = INCLUDE_SOURCE;
				MTL_FAST_MATH = YES;
				ONLY_ACTIVE_ARCH = YES;
				SDKROOT = iphoneos;
				SWIFT_ACTIVE_COMPILATION_CONDITIONS = DEBUG;
				SWIFT_OPTIMIZATION_LEVEL = "-Onone";
			};
			name = Debug;
		};
		3C990BA427D925560007EA54 /* Release */ = {
			isa = XCBuildConfiguration;
			buildSettings = {
				ALWAYS_SEARCH_USER_PATHS = NO;
				CLANG_ANALYZER_NONNULL = YES;
				CLANG_ANALYZER_NUMBER_OBJECT_CONVERSION = YES_AGGRESSIVE;
				CLANG_CXX_LANGUAGE_STANDARD = "gnu++17";
				CLANG_CXX_LIBRARY = "libc++";
				CLANG_ENABLE_MODULES = YES;
				CLANG_ENABLE_OBJC_ARC = YES;
				CLANG_ENABLE_OBJC_WEAK = YES;
				CLANG_WARN_BLOCK_CAPTURE_AUTORELEASING = YES;
				CLANG_WARN_BOOL_CONVERSION = YES;
				CLANG_WARN_COMMA = YES;
				CLANG_WARN_CONSTANT_CONVERSION = YES;
				CLANG_WARN_DEPRECATED_OBJC_IMPLEMENTATIONS = YES;
				CLANG_WARN_DIRECT_OBJC_ISA_USAGE = YES_ERROR;
				CLANG_WARN_DOCUMENTATION_COMMENTS = YES;
				CLANG_WARN_EMPTY_BODY = YES;
				CLANG_WARN_ENUM_CONVERSION = YES;
				CLANG_WARN_INFINITE_RECURSION = YES;
				CLANG_WARN_INT_CONVERSION = YES;
				CLANG_WARN_NON_LITERAL_NULL_CONVERSION = YES;
				CLANG_WARN_OBJC_IMPLICIT_RETAIN_SELF = YES;
				CLANG_WARN_OBJC_LITERAL_CONVERSION = YES;
				CLANG_WARN_OBJC_ROOT_CLASS = YES_ERROR;
				CLANG_WARN_QUOTED_INCLUDE_IN_FRAMEWORK_HEADER = YES;
				CLANG_WARN_RANGE_LOOP_ANALYSIS = YES;
				CLANG_WARN_STRICT_PROTOTYPES = YES;
				CLANG_WARN_SUSPICIOUS_MOVE = YES;
				CLANG_WARN_UNGUARDED_AVAILABILITY = YES_AGGRESSIVE;
				CLANG_WARN_UNREACHABLE_CODE = YES;
				CLANG_WARN__DUPLICATE_METHOD_MATCH = YES;
				COPY_PHASE_STRIP = NO;
				DEBUG_INFORMATION_FORMAT = "dwarf-with-dsym";
				ENABLE_NS_ASSERTIONS = NO;
				ENABLE_STRICT_OBJC_MSGSEND = YES;
				GCC_C_LANGUAGE_STANDARD = gnu11;
				GCC_NO_COMMON_BLOCKS = YES;
				GCC_WARN_64_TO_32_BIT_CONVERSION = YES;
				GCC_WARN_ABOUT_RETURN_TYPE = YES_ERROR;
				GCC_WARN_UNDECLARED_SELECTOR = YES;
				GCC_WARN_UNINITIALIZED_AUTOS = YES_AGGRESSIVE;
				GCC_WARN_UNUSED_FUNCTION = YES;
				GCC_WARN_UNUSED_VARIABLE = YES;
				IPHONEOS_DEPLOYMENT_TARGET = 15.2;
				MTL_ENABLE_DEBUG_INFO = NO;
				MTL_FAST_MATH = YES;
				SDKROOT = iphoneos;
				SWIFT_COMPILATION_MODE = wholemodule;
				SWIFT_OPTIMIZATION_LEVEL = "-O";
				VALIDATE_PRODUCT = YES;
			};
			name = Release;
		};
		3C990BA627D925560007EA54 /* Debug */ = {
			isa = XCBuildConfiguration;
			buildSettings = {
				ASSETCATALOG_COMPILER_APPICON_NAME = AppIcon;
				ASSETCATALOG_COMPILER_GLOBAL_ACCENT_COLOR_NAME = AccentColor;
				CODE_SIGN_STYLE = Automatic;
				CURRENT_PROJECT_VERSION = 1;
				DEVELOPMENT_TEAM = "";
				GENERATE_INFOPLIST_FILE = YES;
				INFOPLIST_FILE = InterViewProject/Info.plist;
				INFOPLIST_KEY_UIApplicationSupportsIndirectInputEvents = YES;
				INFOPLIST_KEY_UILaunchStoryboardName = LaunchScreen;
				INFOPLIST_KEY_UISupportedInterfaceOrientations_iPad = "UIInterfaceOrientationPortrait UIInterfaceOrientationPortraitUpsideDown UIInterfaceOrientationLandscapeLeft UIInterfaceOrientationLandscapeRight";
				INFOPLIST_KEY_UISupportedInterfaceOrientations_iPhone = "UIInterfaceOrientationPortrait UIInterfaceOrientationLandscapeLeft UIInterfaceOrientationLandscapeRight";
				INFOPLIST_KEY_UIUserInterfaceStyle = Light;
				LD_RUNPATH_SEARCH_PATHS = (
					"$(inherited)",
					"@executable_path/Frameworks",
				);
				MARKETING_VERSION = 1.0;
				PRODUCT_BUNDLE_IDENTIFIER = works.abdullah.interview;
				PRODUCT_NAME = "$(TARGET_NAME)";
				SWIFT_EMIT_LOC_STRINGS = YES;
				SWIFT_VERSION = 5.0;
				TARGETED_DEVICE_FAMILY = "1,2";
			};
			name = Debug;
		};
		3C990BA727D925560007EA54 /* Release */ = {
			isa = XCBuildConfiguration;
			buildSettings = {
				ASSETCATALOG_COMPILER_APPICON_NAME = AppIcon;
				ASSETCATALOG_COMPILER_GLOBAL_ACCENT_COLOR_NAME = AccentColor;
				CODE_SIGN_STYLE = Automatic;
				CURRENT_PROJECT_VERSION = 1;
				DEVELOPMENT_TEAM = "";
				GENERATE_INFOPLIST_FILE = YES;
				INFOPLIST_FILE = InterViewProject/Info.plist;
				INFOPLIST_KEY_UIApplicationSupportsIndirectInputEvents = YES;
				INFOPLIST_KEY_UILaunchStoryboardName = LaunchScreen;
				INFOPLIST_KEY_UISupportedInterfaceOrientations_iPad = "UIInterfaceOrientationPortrait UIInterfaceOrientationPortraitUpsideDown UIInterfaceOrientationLandscapeLeft UIInterfaceOrientationLandscapeRight";
				INFOPLIST_KEY_UISupportedInterfaceOrientations_iPhone = "UIInterfaceOrientationPortrait UIInterfaceOrientationLandscapeLeft UIInterfaceOrientationLandscapeRight";
				INFOPLIST_KEY_UIUserInterfaceStyle = Light;
				LD_RUNPATH_SEARCH_PATHS = (
					"$(inherited)",
					"@executable_path/Frameworks",
				);
				MARKETING_VERSION = 1.0;
				PRODUCT_BUNDLE_IDENTIFIER = works.abdullah.interview;
				PRODUCT_NAME = "$(TARGET_NAME)";
				SWIFT_EMIT_LOC_STRINGS = YES;
				SWIFT_VERSION = 5.0;
				TARGETED_DEVICE_FAMILY = "1,2";
			};
			name = Release;
		};
		3C990BA927D925560007EA54 /* Debug */ = {
			isa = XCBuildConfiguration;
			buildSettings = {
				ALWAYS_EMBED_SWIFT_STANDARD_LIBRARIES = YES;
				BUNDLE_LOADER = "$(TEST_HOST)";
				CODE_SIGN_STYLE = Automatic;
				CURRENT_PROJECT_VERSION = 1;
				GENERATE_INFOPLIST_FILE = YES;
				IPHONEOS_DEPLOYMENT_TARGET = 15.2;
				MARKETING_VERSION = 1.0;
				PRODUCT_BUNDLE_IDENTIFIER = works.abdullah.TurkcellAssignmentTests;
				PRODUCT_NAME = "$(TARGET_NAME)";
				SWIFT_EMIT_LOC_STRINGS = NO;
				SWIFT_VERSION = 5.0;
				TARGETED_DEVICE_FAMILY = "1,2";
				TEST_HOST = "$(BUILT_PRODUCTS_DIR)/InterViewProject.app/InterViewProject";
			};
			name = Debug;
		};
		3C990BAA27D925560007EA54 /* Release */ = {
			isa = XCBuildConfiguration;
			buildSettings = {
				ALWAYS_EMBED_SWIFT_STANDARD_LIBRARIES = YES;
				BUNDLE_LOADER = "$(TEST_HOST)";
				CODE_SIGN_STYLE = Automatic;
				CURRENT_PROJECT_VERSION = 1;
				GENERATE_INFOPLIST_FILE = YES;
				IPHONEOS_DEPLOYMENT_TARGET = 15.2;
				MARKETING_VERSION = 1.0;
				PRODUCT_BUNDLE_IDENTIFIER = works.abdullah.TurkcellAssignmentTests;
				PRODUCT_NAME = "$(TARGET_NAME)";
				SWIFT_EMIT_LOC_STRINGS = NO;
				SWIFT_VERSION = 5.0;
				TARGETED_DEVICE_FAMILY = "1,2";
				TEST_HOST = "$(BUILT_PRODUCTS_DIR)/InterViewProject.app/InterViewProject";
			};
			name = Release;
		};
		3C990BAC27D925560007EA54 /* Debug */ = {
			isa = XCBuildConfiguration;
			buildSettings = {
				ALWAYS_EMBED_SWIFT_STANDARD_LIBRARIES = YES;
				CODE_SIGN_STYLE = Automatic;
				CURRENT_PROJECT_VERSION = 1;
				GENERATE_INFOPLIST_FILE = YES;
				MARKETING_VERSION = 1.0;
				PRODUCT_BUNDLE_IDENTIFIER = works.abdullah.TurkcellAssignmentUITests;
				PRODUCT_NAME = "$(TARGET_NAME)";
				SWIFT_EMIT_LOC_STRINGS = NO;
				SWIFT_VERSION = 5.0;
				TARGETED_DEVICE_FAMILY = "1,2";
				TEST_TARGET_NAME = TurkcellAssignment;
			};
			name = Debug;
		};
		3C990BAD27D925560007EA54 /* Release */ = {
			isa = XCBuildConfiguration;
			buildSettings = {
				ALWAYS_EMBED_SWIFT_STANDARD_LIBRARIES = YES;
				CODE_SIGN_STYLE = Automatic;
				CURRENT_PROJECT_VERSION = 1;
				GENERATE_INFOPLIST_FILE = YES;
				MARKETING_VERSION = 1.0;
				PRODUCT_BUNDLE_IDENTIFIER = works.abdullah.TurkcellAssignmentUITests;
				PRODUCT_NAME = "$(TARGET_NAME)";
				SWIFT_EMIT_LOC_STRINGS = NO;
				SWIFT_VERSION = 5.0;
				TARGETED_DEVICE_FAMILY = "1,2";
				TEST_TARGET_NAME = TurkcellAssignment;
			};
			name = Release;
		};
/* End XCBuildConfiguration section */

/* Begin XCConfigurationList section */
		3C990B7327D925550007EA54 /* Build configuration list for PBXProject "InterViewProject" */ = {
			isa = XCConfigurationList;
			buildConfigurations = (
				3C990BA327D925560007EA54 /* Debug */,
				3C990BA427D925560007EA54 /* Release */,
			);
			defaultConfigurationIsVisible = 0;
			defaultConfigurationName = Release;
		};
		3C990BA527D925560007EA54 /* Build configuration list for PBXNativeTarget "InterViewProject" */ = {
			isa = XCConfigurationList;
			buildConfigurations = (
				3C990BA627D925560007EA54 /* Debug */,
				3C990BA727D925560007EA54 /* Release */,
			);
			defaultConfigurationIsVisible = 0;
			defaultConfigurationName = Release;
		};
		3C990BA827D925560007EA54 /* Build configuration list for PBXNativeTarget "InterViewProjectTests" */ = {
			isa = XCConfigurationList;
			buildConfigurations = (
				3C990BA927D925560007EA54 /* Debug */,
				3C990BAA27D925560007EA54 /* Release */,
			);
			defaultConfigurationIsVisible = 0;
			defaultConfigurationName = Release;
		};
		3C990BAB27D925560007EA54 /* Build configuration list for PBXNativeTarget "InterViewProjectUITests" */ = {
			isa = XCConfigurationList;
			buildConfigurations = (
				3C990BAC27D925560007EA54 /* Debug */,
				3C990BAD27D925560007EA54 /* Release */,
			);
			defaultConfigurationIsVisible = 0;
			defaultConfigurationName = Release;
		};
/* End XCConfigurationList section */

/* Begin XCVersionGroup section */
		3C990B8427D925550007EA54 /* TurkcellAssignment.xcdatamodeld */ = {
			isa = XCVersionGroup;
			children = (
				3C990B8527D925550007EA54 /* TurkcellAssignment.xcdatamodel */,
			);
			currentVersion = 3C990B8527D925550007EA54 /* TurkcellAssignment.xcdatamodel */;
			path = TurkcellAssignment.xcdatamodeld;
			sourceTree = "<group>";
			versionGroupType = wrapper.xcdatamodel;
		};
/* End XCVersionGroup section */
	};
	rootObject = 3C990B7027D925550007EA54 /* Project object */;
}
